// !$*UTF8*$!
{
	archiveVersion = 1;
	classes = {
	};
	objectVersion = 46;
	objects = {

/* Begin PBXBuildFile section */
		0ADD88321B24F00E0012C9EF /* AppDelegate.swift in Sources */ = {isa = PBXBuildFile; fileRef = 0ADD88311B24F00E0012C9EF /* AppDelegate.swift */; };
		0ADD88341B24F00E0012C9EF /* ViewController.swift in Sources */ = {isa = PBXBuildFile; fileRef = 0ADD88331B24F00E0012C9EF /* ViewController.swift */; };
		0ADD88371B24F00E0012C9EF /* Main.storyboard in Resources */ = {isa = PBXBuildFile; fileRef = 0ADD88351B24F00E0012C9EF /* Main.storyboard */; };
		0ADD88391B24F00E0012C9EF /* Images.xcassets in Resources */ = {isa = PBXBuildFile; fileRef = 0ADD88381B24F00E0012C9EF /* Images.xcassets */; };
		0ADD883C1B24F00E0012C9EF /* LaunchScreen.xib in Resources */ = {isa = PBXBuildFile; fileRef = 0ADD883A1B24F00E0012C9EF /* LaunchScreen.xib */; };
		0ADD88481B24F00E0012C9EF /* InterfaceBuilderTests.swift in Sources */ = {isa = PBXBuildFile; fileRef = 0ADD88471B24F00E0012C9EF /* InterfaceBuilderTests.swift */; };
/* End PBXBuildFile section */

/* Begin PBXContainerItemProxy section */
		0ADD88421B24F00E0012C9EF /* PBXContainerItemProxy */ = {
			isa = PBXContainerItemProxy;
			containerPortal = 0ADD88241B24F00E0012C9EF /* Project object */;
			proxyType = 1;
			remoteGlobalIDString = 0ADD882B1B24F00E0012C9EF;
			remoteInfo = InterfaceBuilder;
		};
/* End PBXContainerItemProxy section */

/* Begin PBXFileReference section */
		0ADD882C1B24F00E0012C9EF /* InterfaceBuilder.app */ = {isa = PBXFileReference; explicitFileType = wrapper.application; includeInIndex = 0; path = InterfaceBuilder.app; sourceTree = BUILT_PRODUCTS_DIR; };
		0ADD88301B24F00E0012C9EF /* Info.plist */ = {isa = PBXFileReference; lastKnownFileType = text.plist.xml; path = Info.plist; sourceTree = "<group>"; };
		0ADD88311B24F00E0012C9EF /* AppDelegate.swift */ = {isa = PBXFileReference; lastKnownFileType = sourcecode.swift; path = AppDelegate.swift; sourceTree = "<group>"; };
		0ADD88331B24F00E0012C9EF /* ViewController.swift */ = {isa = PBXFileReference; lastKnownFileType = sourcecode.swift; path = ViewController.swift; sourceTree = "<group>"; };
		0ADD88361B24F00E0012C9EF /* Base */ = {isa = PBXFileReference; lastKnownFileType = file.storyboard; name = Base; path = Base.lproj/Main.storyboard; sourceTree = "<group>"; };
		0ADD88381B24F00E0012C9EF /* Images.xcassets */ = {isa = PBXFileReference; lastKnownFileType = folder.assetcatalog; path = Images.xcassets; sourceTree = "<group>"; };
		0ADD883B1B24F00E0012C9EF /* Base */ = {isa = PBXFileReference; lastKnownFileType = file.xib; name = Base; path = Base.lproj/LaunchScreen.xib; sourceTree = "<group>"; };
		0ADD88411B24F00E0012C9EF /* InterfaceBuilderTests.xctest */ = {isa = PBXFileReference; explicitFileType = wrapper.cfbundle; includeInIndex = 0; path = InterfaceBuilderTests.xctest; sourceTree = BUILT_PRODUCTS_DIR; };
		0ADD88461B24F00E0012C9EF /* Info.plist */ = {isa = PBXFileReference; lastKnownFileType = text.plist.xml; path = Info.plist; sourceTree = "<group>"; };
		0ADD88471B24F00E0012C9EF /* InterfaceBuilderTests.swift */ = {isa = PBXFileReference; lastKnownFileType = sourcecode.swift; path = InterfaceBuilderTests.swift; sourceTree = "<group>"; };
/* End PBXFileReference section */

/* Begin PBXFrameworksBuildPhase section */
		0ADD88291B24F00E0012C9EF /* Frameworks */ = {
			isa = PBXFrameworksBuildPhase;
			buildActionMask = 2147483647;
			files = (
			);
			runOnlyForDeploymentPostprocessing = 0;
		};
		0ADD883E1B24F00E0012C9EF /* Frameworks */ = {
			isa = PBXFrameworksBuildPhase;
			buildActionMask = 2147483647;
			files = (
			);
			runOnlyForDeploymentPostprocessing = 0;
		};
/* End PBXFrameworksBuildPhase section */

/* Begin PBXGroup section */
		0ADD88231B24F00E0012C9EF = {
			isa = PBXGroup;
			children = (
				0ADD882E1B24F00E0012C9EF /* InterfaceBuilder */,
				0ADD88441B24F00E0012C9EF /* InterfaceBuilderTests */,
				0ADD882D1B24F00E0012C9EF /* Products */,
			);
			sourceTree = "<group>";
		};
		0ADD882D1B24F00E0012C9EF /* Products */ = {
			isa = PBXGroup;
			children = (
				0ADD882C1B24F00E0012C9EF /* InterfaceBuilder.app */,
				0ADD88411B24F00E0012C9EF /* InterfaceBuilderTests.xctest */,
			);
			name = Products;
			sourceTree = "<group>";
		};
		0ADD882E1B24F00E0012C9EF /* InterfaceBuilder */ = {
			isa = PBXGroup;
			children = (
				0ADD88351B24F00E0012C9EF /* Main.storyboard */,
				0ADD882F1B24F00E0012C9EF /* Supporting Files */,
			);
			path = InterfaceBuilder;
			sourceTree = "<group>";
		};
		0ADD882F1B24F00E0012C9EF /* Supporting Files */ = {
			isa = PBXGroup;
			children = (
				0ADD88311B24F00E0012C9EF /* AppDelegate.swift */,
				0ADD88331B24F00E0012C9EF /* ViewController.swift */,
				0ADD88381B24F00E0012C9EF /* Images.xcassets */,
				0ADD883A1B24F00E0012C9EF /* LaunchScreen.xib */,
				0ADD88301B24F00E0012C9EF /* Info.plist */,
			);
			name = "Supporting Files";
			sourceTree = "<group>";
		};
		0ADD88441B24F00E0012C9EF /* InterfaceBuilderTests */ = {
			isa = PBXGroup;
			children = (
				0ADD88471B24F00E0012C9EF /* InterfaceBuilderTests.swift */,
				0ADD88451B24F00E0012C9EF /* Supporting Files */,
			);
			path = InterfaceBuilderTests;
			sourceTree = "<group>";
		};
		0ADD88451B24F00E0012C9EF /* Supporting Files */ = {
			isa = PBXGroup;
			children = (
				0ADD88461B24F00E0012C9EF /* Info.plist */,
			);
			name = "Supporting Files";
			sourceTree = "<group>";
		};
/* End PBXGroup section */

/* Begin PBXNativeTarget section */
		0ADD882B1B24F00E0012C9EF /* InterfaceBuilder */ = {
			isa = PBXNativeTarget;
			buildConfigurationList = 0ADD884B1B24F00E0012C9EF /* Build configuration list for PBXNativeTarget "InterfaceBuilder" */;
			buildPhases = (
				0ADD88281B24F00E0012C9EF /* Sources */,
				0ADD88291B24F00E0012C9EF /* Frameworks */,
				0ADD882A1B24F00E0012C9EF /* Resources */,
			);
			buildRules = (
			);
			dependencies = (
			);
			name = InterfaceBuilder;
			productName = InterfaceBuilder;
			productReference = 0ADD882C1B24F00E0012C9EF /* InterfaceBuilder.app */;
			productType = "com.apple.product-type.application";
		};
		0ADD88401B24F00E0012C9EF /* InterfaceBuilderTests */ = {
			isa = PBXNativeTarget;
			buildConfigurationList = 0ADD884E1B24F00E0012C9EF /* Build configuration list for PBXNativeTarget "InterfaceBuilderTests" */;
			buildPhases = (
				0ADD883D1B24F00E0012C9EF /* Sources */,
				0ADD883E1B24F00E0012C9EF /* Frameworks */,
				0ADD883F1B24F00E0012C9EF /* Resources */,
			);
			buildRules = (
			);
			dependencies = (
				0ADD88431B24F00E0012C9EF /* PBXTargetDependency */,
			);
			name = InterfaceBuilderTests;
			productName = InterfaceBuilderTests;
			productReference = 0ADD88411B24F00E0012C9EF /* InterfaceBuilderTests.xctest */;
			productType = "com.apple.product-type.bundle.unit-test";
		};
/* End PBXNativeTarget section */

/* Begin PBXProject section */
		0ADD88241B24F00E0012C9EF /* Project object */ = {
			isa = PBXProject;
			attributes = {
				LastUpgradeCheck = 0630;
				ORGANIZATIONNAME = "Kevin M Park";
				TargetAttributes = {
					0ADD882B1B24F00E0012C9EF = {
						CreatedOnToolsVersion = 6.3.2;
					};
					0ADD88401B24F00E0012C9EF = {
						CreatedOnToolsVersion = 6.3.2;
						TestTargetID = 0ADD882B1B24F00E0012C9EF;
					};
				};
			};
			buildConfigurationList = 0ADD88271B24F00E0012C9EF /* Build configuration list for PBXProject "InterfaceBuilder" */;
			compatibilityVersion = "Xcode 3.2";
			developmentRegion = English;
			hasScannedForEncodings = 0;
			knownRegions = (
				en,
				Base,
			);
			mainGroup = 0ADD88231B24F00E0012C9EF;
			productRefGroup = 0ADD882D1B24F00E0012C9EF /* Products */;
			projectDirPath = "";
			projectRoot = "";
			targets = (
				0ADD882B1B24F00E0012C9EF /* InterfaceBuilder */,
				0ADD88401B24F00E0012C9EF /* InterfaceBuilderTests */,
			);
		};
/* End PBXProject section */

/* Begin PBXResourcesBuildPhase section */
		0ADD882A1B24F00E0012C9EF /* Resources */ = {
			isa = PBXResourcesBuildPhase;
			buildActionMask = 2147483647;
			files = (
				0ADD88371B24F00E0012C9EF /* Main.storyboard in Resources */,
				0ADD883C1B24F00E0012C9EF /* LaunchScreen.xib in Resources */,
				0ADD88391B24F00E0012C9EF /* Images.xcassets in Resources */,
			);
			runOnlyForDeploymentPostprocessing = 0;
		};
		0ADD883F1B24F00E0012C9EF /* Resources */ = {
			isa = PBXResourcesBuildPhase;
			buildActionMask = 2147483647;
			files = (
			);
			runOnlyForDeploymentPostprocessing = 0;
		};
/* End PBXResourcesBuildPhase section */

/* Begin PBXSourcesBuildPhase section */
		0ADD88281B24F00E0012C9EF /* Sources */ = {
			isa = PBXSourcesBuildPhase;
			buildActionMask = 2147483647;
			files = (
				0ADD88341B24F00E0012C9EF /* ViewController.swift in Sources */,
				0ADD88321B24F00E0012C9EF /* AppDelegate.swift in Sources */,
			);
			runOnlyForDeploymentPostprocessing = 0;
		};
		0ADD883D1B24F00E0012C9EF /* Sources */ = {
			isa = PBXSourcesBuildPhase;
			buildActionMask = 2147483647;
			files = (
				0ADD88481B24F00E0012C9EF /* InterfaceBuilderTests.swift in Sources */,
			);
			runOnlyForDeploymentPostprocessing = 0;
		};
/* End PBXSourcesBuildPhase section */

/* Begin PBXTargetDependency section */
		0ADD88431B24F00E0012C9EF /* PBXTargetDependency */ = {
			isa = PBXTargetDependency;
			target = 0ADD882B1B24F00E0012C9EF /* InterfaceBuilder */;
			targetProxy = 0ADD88421B24F00E0012C9EF /* PBXContainerItemProxy */;
		};
/* End PBXTargetDependency section */

/* Begin PBXVariantGroup section */
		0ADD88351B24F00E0012C9EF /* Main.storyboard */ = {
			isa = PBXVariantGroup;
			children = (
				0ADD88361B24F00E0012C9EF /* Base */,
			);
			name = Main.storyboard;
			sourceTree = "<group>";
		};
		0ADD883A1B24F00E0012C9EF /* LaunchScreen.xib */ = {
			isa = PBXVariantGroup;
			children = (
				0ADD883B1B24F00E0012C9EF /* Base */,
			);
			name = LaunchScreen.xib;
			sourceTree = "<group>";
		};
/* End PBXVariantGroup section */

/* Begin XCBuildConfiguration section */
		0ADD88491B24F00E0012C9EF /* Debug */ = {
			isa = XCBuildConfiguration;
			buildSettings = {
				ALWAYS_SEARCH_USER_PATHS = NO;
				CLANG_CXX_LANGUAGE_STANDARD = "gnu++0x";
				CLANG_CXX_LIBRARY = "libc++";
				CLANG_ENABLE_MODULES = YES;
				CLANG_ENABLE_OBJC_ARC = YES;
				CLANG_WARN_BOOL_CONVERSION = YES;
				CLANG_WARN_CONSTANT_CONVERSION = YES;
				CLANG_WARN_DIRECT_OBJC_ISA_USAGE = YES_ERROR;
				CLANG_WARN_EMPTY_BODY = YES;
				CLANG_WARN_ENUM_CONVERSION = YES;
				CLANG_WARN_INT_CONVERSION = YES;
				CLANG_WARN_OBJC_ROOT_CLASS = YES_ERROR;
				CLANG_WARN_UNREACHABLE_CODE = YES;
				CLANG_WARN__DUPLICATE_METHOD_MATCH = YES;
				"CODE_SIGN_IDENTITY[sdk=iphoneos*]" = "iPhone Developer";
				COPY_PHASE_STRIP = NO;
				DEBUG_INFORMATION_FORMAT = "dwarf-with-dsym";
				ENABLE_STRICT_OBJC_MSGSEND = YES;
				GCC_C_LANGUAGE_STANDARD = gnu99;
				GCC_DYNAMIC_NO_PIC = NO;
				GCC_NO_COMMON_BLOCKS = YES;
				GCC_OPTIMIZATION_LEVEL = 0;
				GCC_PREPROCESSOR_DEFINITIONS = (
					"DEBUG=1",
					"$(inherited)",
				);
				GCC_SYMBOLS_PRIVATE_EXTERN = NO;
				GCC_WARN_64_TO_32_BIT_CONVERSION = YES;
				GCC_WARN_ABOUT_RETURN_TYPE = YES_ERROR;
				GCC_WARN_UNDECLARED_SELECTOR = YES;
				GCC_WARN_UNINITIALIZED_AUTOS = YES_AGGRESSIVE;
				GCC_WARN_UNUSED_FUNCTION = YES;
				GCC_WARN_UNUSED_VARIABLE = YES;
				IPHONEOS_DEPLOYMENT_TARGET = 8.3;
				MTL_ENABLE_DEBUG_INFO = YES;
				ONLY_ACTIVE_ARCH = YES;
				SDKROOT = iphoneos;
				SWIFT_OPTIMIZATION_LEVEL = "-Onone";
				TARGETED_DEVICE_FAMILY = "1,2";
			};
			name = Debug;
		};
		0ADD884A1B24F00E0012C9EF /* Release */ = {
			isa = XCBuildConfiguration;
			buildSettings = {
				ALWAYS_SEARCH_USER_PATHS = NO;
				CLANG_CXX_LANGUAGE_STANDARD = "gnu++0x";
				CLANG_CXX_LIBRARY = "libc++";
				CLANG_ENABLE_MODULES = YES;
				CLANG_ENABLE_OBJC_ARC = YES;
				CLANG_WARN_BOOL_CONVERSION = YES;
				CLANG_WARN_CONSTANT_CONVERSION = YES;
				CLANG_WARN_DIRECT_OBJC_ISA_USAGE = YES_ERROR;
				CLANG_WARN_EMPTY_BODY = YES;
				CLANG_WARN_ENUM_CONVERSION = YES;
				CLANG_WARN_INT_CONVERSION = YES;
				CLANG_WARN_OBJC_ROOT_CLASS = YES_ERROR;
				CLANG_WARN_UNREACHABLE_CODE = YES;
				CLANG_WARN__DUPLICATE_METHOD_MATCH = YES;
				"CODE_SIGN_IDENTITY[sdk=iphoneos*]" = "iPhone Developer";
				COPY_PHASE_STRIP = NO;
				DEBUG_INFORMATION_FORMAT = "dwarf-with-dsym";
				ENABLE_NS_ASSERTIONS = NO;
				ENABLE_STRICT_OBJC_MSGSEND = YES;
				GCC_C_LANGUAGE_STANDARD = gnu99;
				GCC_NO_COMMON_BLOCKS = YES;
				GCC_WARN_64_TO_32_BIT_CONVERSION = YES;
				GCC_WARN_ABOUT_RETURN_TYPE = YES_ERROR;
				GCC_WARN_UNDECLARED_SELECTOR = YES;
				GCC_WARN_UNINITIALIZED_AUTOS = YES_AGGRESSIVE;
				GCC_WARN_UNUSED_FUNCTION = YES;
				GCC_WARN_UNUSED_VARIABLE = YES;
				IPHONEOS_DEPLOYMENT_TARGET = 8.3;
				MTL_ENABLE_DEBUG_INFO = NO;
				SDKROOT = iphoneos;
				TARGETED_DEVICE_FAMILY = "1,2";
				VALIDATE_PRODUCT = YES;
			};
			name = Release;
		};
		0ADD884C1B24F00E0012C9EF /* Debug */ = {
			isa = XCBuildConfiguration;
			buildSettings = {
				ASSETCATALOG_COMPILER_APPICON_NAME = AppIcon;
				INFOPLIST_FILE = InterfaceBuilder/Info.plist;
				LD_RUNPATH_SEARCH_PATHS = "$(inherited) @executable_path/Frameworks";
				PRODUCT_NAME = "$(TARGET_NAME)";
			};
			name = Debug;
		};
		0ADD884D1B24F00E0012C9EF /* Release */ = {
			isa = XCBuildConfiguration;
			buildSettings = {
				ASSETCATALOG_COMPILER_APPICON_NAME = AppIcon;
				INFOPLIST_FILE = InterfaceBuilder/Info.plist;
				LD_RUNPATH_SEARCH_PATHS = "$(inherited) @executable_path/Frameworks";
				PRODUCT_NAME = "$(TARGET_NAME)";
			};
			name = Release;
		};
		0ADD884F1B24F00E0012C9EF /* Debug */ = {
			isa = XCBuildConfiguration;
			buildSettings = {
				BUNDLE_LOADER = "$(TEST_HOST)";
				FRAMEWORK_SEARCH_PATHS = (
					"$(SDKROOT)/Developer/Library/Frameworks",
					"$(inherited)",
				);
				GCC_PREPROCESSOR_DEFINITIONS = (
					"DEBUG=1",
					"$(inherited)",
				);
				INFOPLIST_FILE = InterfaceBuilderTests/Info.plist;
				LD_RUNPATH_SEARCH_PATHS = "$(inherited) @executable_path/Frameworks @loader_path/Frameworks";
				PRODUCT_NAME = "$(TARGET_NAME)";
				TEST_HOST = "$(BUILT_PRODUCTS_DIR)/InterfaceBuilder.app/InterfaceBuilder";
			};
			name = Debug;
		};
		0ADD88501B24F00E0012C9EF /* Release */ = {
			isa = XCBuildConfiguration;
			buildSettings = {
				BUNDLE_LOADER = "$(TEST_HOST)";
				FRAMEWORK_SEARCH_PATHS = (
					"$(SDKROOT)/Developer/Library/Frameworks",
					"$(inherited)",
				);
				INFOPLIST_FILE = InterfaceBuilderTests/Info.plist;
				LD_RUNPATH_SEARCH_PATHS = "$(inherited) @executable_path/Frameworks @loader_path/Frameworks";
				PRODUCT_NAME = "$(TARGET_NAME)";
				TEST_HOST = "$(BUILT_PRODUCTS_DIR)/InterfaceBuilder.app/InterfaceBuilder";
			};
			name = Release;
		};
/* End XCBuildConfiguration section */

/* Begin XCConfigurationList section */
		0ADD88271B24F00E0012C9EF /* Build configuration list for PBXProject "InterfaceBuilder" */ = {
			isa = XCConfigurationList;
			buildConfigurations = (
				0ADD88491B24F00E0012C9EF /* Debug */,
				0ADD884A1B24F00E0012C9EF /* Release */,
			);
			defaultConfigurationIsVisible = 0;
			defaultConfigurationName = Release;
		};
		0ADD884B1B24F00E0012C9EF /* Build configuration list for PBXNativeTarget "InterfaceBuilder" */ = {
			isa = XCConfigurationList;
			buildConfigurations = (
				0ADD884C1B24F00E0012C9EF /* Debug */,
				0ADD884D1B24F00E0012C9EF /* Release */,
			);
			defaultConfigurationIsVisible = 0;
		};
		0ADD884E1B24F00E0012C9EF /* Build configuration list for PBXNativeTarget "InterfaceBuilderTests" */ = {
			isa = XCConfigurationList;
			buildConfigurations = (
				0ADD884F1B24F00E0012C9EF /* Debug */,
				0ADD88501B24F00E0012C9EF /* Release */,
			);
			defaultConfigurationIsVisible = 0;
		};
/* End XCConfigurationList section */
	};
	rootObject = 0ADD88241B24F00E0012C9EF /* Project object */;
}
